# THIS IS AN AUTOGENERATED FILE. DO NOT EDIT THIS FILE DIRECTLY.
# yarn lockfile v1


"@babel/runtime@^7.22.15":
  version "7.27.1"
  resolved "https://registry.yarnpkg.com/@babel/runtime/-/runtime-7.27.1.tgz#9fce313d12c9a77507f264de74626e87fd0dc541"
  integrity sha512-1x3D2xEk2fRo3PAhwQwu5UubzgiVWSXTBfWpVd2Mx2AzRqJuDJCsgaDVZ7HB5iGzDW1Hl1sWN2mFyKjmR9uAog==

kakao.maps.d.ts@^0.1.39:
  version "0.1.40"
  resolved "https://registry.yarnpkg.com/kakao.maps.d.ts/-/kakao.maps.d.ts-0.1.40.tgz#60a922e6fa1ab90c57e062e84978eb2d0e506412"
  integrity sha512-nX69MB1ok04epe3OqS+/tEeWBbU31GSQbvDPJmQRRltzzqn6t4jBsO5v1nzalUjCKzwcH2CptOc767NZ7Hbu3g==

react-kakao-maps-sdk@^1.1.27:
  version "1.1.27"
  resolved "https://registry.yarnpkg.com/react-kakao-maps-sdk/-/react-kakao-maps-sdk-1.1.27.tgz#577c5b53b76459a85fd3cc486ae0e799ec073b85"
  integrity sha512-1EwYkYsjTDRFqysKStDasFMrFTXcLx2AyRlqMoWD7ONWhRqpjx9M874hkhEEHrnypP2eSIhhDLe0EiSKp3bd2Q==
  dependencies:
    "@babel/runtime" "^7.22.15"
    kakao.maps.d.ts "^0.1.39"
